
Microsoft Visual Studio Solution File, Format Version 12.00
# Visual Studio Version 17
VisualStudioVersion = 17.11.35222.181
MinimumVisualStudioVersion = 10.0.40219.1
Project("{FAE04EC0-301F-11D3-BF4B-00C04F79EFBC}") = "WinFormsApp1", "WinFormsApp1\WinFormsApp1.csproj", "{300435AF-111F-4954-8FCA-F3C8323A3DA3}"
EndProject
Global
	GlobalSection(SolutionConfigurationPlatforms) = preSolution
		Debug|Any CPU = Debug|Any CPU
		Release|Any CPU = Release|Any CPU
	EndGlobalSection
	GlobalSection(ProjectConfigurationPlatforms) = postSolution
		{300435AF-111F-4954-8FCA-F3C8323A3DA3}.Debug|Any CPU.ActiveCfg = Debug|Any CPU
		{300435AF-111F-4954-8FCA-F3C8323A3DA3}.Debug|Any CPU.Build.0 = Debug|Any CPU
		{300435AF-111F-4954-8FCA-F3C8323A3DA3}.Release|Any CPU.ActiveCfg = Release|Any CPU
		{300435AF-111F-4954-8FCA-F3C8323A3DA3}.Release|Any CPU.Build.0 = Release|Any CPU
	EndGlobalSection
	GlobalSection(SolutionProperties) = preSolution
		HideSolutionNode = FALSE
	EndGlobalSection
	GlobalSection(ExtensibilityGlobals) = postSolution
		SolutionGuid = {3D8061CF-1FCC-4873-81B8-D2523F49AD4D}
	EndGlobalSection
EndGlobal
